
Microsoft Visual Studio Solution File, Format Version 12.00
# Visual Studio 15
VisualStudioVersion = 15.0.26430.13
MinimumVisualStudioVersion = 10.0.40219.1
Project("{2150E333-8FDC-42A3-9474-1A3956D46DE8}") = "Solution Items", "Solution Items", "{27BFC6F4-F1E1-4C01-90DD-9CC8A4B86FF1}"
	ProjectSection(SolutionItems) = preProject
		.gitattributes = .gitattributes
		.gitignore = .gitignore
		build.cake = build.cake
		build.ps1 = build.ps1
		nuget.config = nuget.config
		README.md = README.md
	EndProjectSection
EndProject
Project("{2150E333-8FDC-42A3-9474-1A3956D46DE8}") = "src", "src", "{778D4E15-6D78-4425-96D6-130ECAB42D73}"
EndProject
Project("{2150E333-8FDC-42A3-9474-1A3956D46DE8}") = "test", "test", "{B0C51CE0-2422-4F50-B71D-90A36E635F46}"
EndProject
Project("{9A19103F-16F7-4668-BE54-9A1E7A4F7556}") = "StACS.Core", "src\StACS.Core\StACS.Core.csproj", "{4E72A1B4-E50E-41D3-9B1F-6EE8FD114F63}"
EndProject
Project("{2150E333-8FDC-42A3-9474-1A3956D46DE8}") = "tools", "tools", "{901177B6-4206-47C1-B589-9997B8B134E4}"
	ProjectSection(SolutionItems) = preProject
		tools\packages.config = tools\packages.config
	EndProjectSection
EndProject
Project("{2150E333-8FDC-42A3-9474-1A3956D46DE8}") = "build", "build", "{BA3B2861-CD4D-4CD6-8574-8119EB7EB564}"
	ProjectSection(SolutionItems) = preProject
		build\parameters.cake = build\parameters.cake
		build\project.cake = build\project.cake
		build\version.cake = build\version.cake
	EndProjectSection
EndProject
Project("{FAE04EC0-301F-11D3-BF4B-00C04F79EFBC}") = "StACS.System.Extensions", "src\StACS.System.Extensions\StACS.System.Extensions.csproj", "{5E0AAC0D-F767-45F3-A6E2-86CE0A0FA6DA}"
EndProject
Project("{FAE04EC0-301F-11D3-BF4B-00C04F79EFBC}") = "StACS.System.Extensions.UnitTests", "test\StACS.System.Extensions.UnitTests\StACS.System.Extensions.UnitTests.csproj", "{B253726E-273B-4446-828D-4DF10F7F505B}"
EndProject
Global
	GlobalSection(SolutionConfigurationPlatforms) = preSolution
		Debug|Any CPU = Debug|Any CPU
		Release|Any CPU = Release|Any CPU
	EndGlobalSection
	GlobalSection(ProjectConfigurationPlatforms) = postSolution
		{4E72A1B4-E50E-41D3-9B1F-6EE8FD114F63}.Debug|Any CPU.ActiveCfg = Debug|Any CPU
		{4E72A1B4-E50E-41D3-9B1F-6EE8FD114F63}.Debug|Any CPU.Build.0 = Debug|Any CPU
		{4E72A1B4-E50E-41D3-9B1F-6EE8FD114F63}.Release|Any CPU.ActiveCfg = Release|Any CPU
		{4E72A1B4-E50E-41D3-9B1F-6EE8FD114F63}.Release|Any CPU.Build.0 = Release|Any CPU
		{5E0AAC0D-F767-45F3-A6E2-86CE0A0FA6DA}.Debug|Any CPU.ActiveCfg = Debug|Any CPU
		{5E0AAC0D-F767-45F3-A6E2-86CE0A0FA6DA}.Debug|Any CPU.Build.0 = Debug|Any CPU
		{5E0AAC0D-F767-45F3-A6E2-86CE0A0FA6DA}.Release|Any CPU.ActiveCfg = Release|Any CPU
		{5E0AAC0D-F767-45F3-A6E2-86CE0A0FA6DA}.Release|Any CPU.Build.0 = Release|Any CPU
		{B253726E-273B-4446-828D-4DF10F7F505B}.Debug|Any CPU.ActiveCfg = Debug|Any CPU
		{B253726E-273B-4446-828D-4DF10F7F505B}.Debug|Any CPU.Build.0 = Debug|Any CPU
		{B253726E-273B-4446-828D-4DF10F7F505B}.Release|Any CPU.ActiveCfg = Release|Any CPU
		{B253726E-273B-4446-828D-4DF10F7F505B}.Release|Any CPU.Build.0 = Release|Any CPU
	EndGlobalSection
	GlobalSection(SolutionProperties) = preSolution
		HideSolutionNode = FALSE
	EndGlobalSection
	GlobalSection(NestedProjects) = preSolution
		{4E72A1B4-E50E-41D3-9B1F-6EE8FD114F63} = {778D4E15-6D78-4425-96D6-130ECAB42D73}
		{5E0AAC0D-F767-45F3-A6E2-86CE0A0FA6DA} = {778D4E15-6D78-4425-96D6-130ECAB42D73}
		{B253726E-273B-4446-828D-4DF10F7F505B} = {B0C51CE0-2422-4F50-B71D-90A36E635F46}
	EndGlobalSection
EndGlobal
